// !$*UTF8*$!
{
	archiveVersion = 1;
	classes = {
	};
	objectVersion = 50;
	objects = {

/* Begin PBXBuildFile section */
		62062500207F5F6A004A6970 /* Card.swift in Sources */ = {isa = PBXBuildFile; fileRef = 620624FF207F5F6A004A6970 /* Card.swift */; };
		62062502207F6220004A6970 /* Concentration.swift in Sources */ = {isa = PBXBuildFile; fileRef = 62062501207F6220004A6970 /* Concentration.swift */; };
		62BC39E9208B7601007C1FAD /* ConcentrationThemeViewController.swift in Sources */ = {isa = PBXBuildFile; fileRef = 62BC39E8208B7601007C1FAD /* ConcentrationThemeViewController.swift */; };
		62F2ED63207E995800ED3E63 /* AppDelegate.swift in Sources */ = {isa = PBXBuildFile; fileRef = 62F2ED62207E995800ED3E63 /* AppDelegate.swift */; };
		62F2ED65207E995800ED3E63 /* ConcentrationViewController.swift in Sources */ = {isa = PBXBuildFile; fileRef = 62F2ED64207E995800ED3E63 /* ConcentrationViewController.swift */; };
		62F2ED68207E995800ED3E63 /* Main.storyboard in Resources */ = {isa = PBXBuildFile; fileRef = 62F2ED66207E995800ED3E63 /* Main.storyboard */; };
		62F2ED6A207E995A00ED3E63 /* Assets.xcassets in Resources */ = {isa = PBXBuildFile; fileRef = 62F2ED69207E995A00ED3E63 /* Assets.xcassets */; };
		62F2ED6D207E995A00ED3E63 /* LaunchScreen.storyboard in Resources */ = {isa = PBXBuildFile; fileRef = 62F2ED6B207E995A00ED3E63 /* LaunchScreen.storyboard */; };
/* End PBXBuildFile section */

/* Begin PBXFileReference section */
		620624FF207F5F6A004A6970 /* Card.swift */ = {isa = PBXFileReference; lastKnownFileType = sourcecode.swift; path = Card.swift; sourceTree = "<group>"; };
		62062501207F6220004A6970 /* Concentration.swift */ = {isa = PBXFileReference; lastKnownFileType = sourcecode.swift; path = Concentration.swift; sourceTree = "<group>"; };
		62BC39E8208B7601007C1FAD /* ConcentrationThemeViewController.swift */ = {isa = PBXFileReference; lastKnownFileType = sourcecode.swift; name = ConcentrationThemeViewController.swift; path = "Concentration Game/Controller/ConcentrationThemeViewController.swift"; sourceTree = SOURCE_ROOT; };
		62F2ED5F207E995800ED3E63 /* Concentration Game.app */ = {isa = PBXFileReference; explicitFileType = wrapper.application; includeInIndex = 0; path = "Concentration Game.app"; sourceTree = BUILT_PRODUCTS_DIR; };
		62F2ED62207E995800ED3E63 /* AppDelegate.swift */ = {isa = PBXFileReference; lastKnownFileType = sourcecode.swift; path = AppDelegate.swift; sourceTree = "<group>"; };
		62F2ED64207E995800ED3E63 /* ConcentrationViewController.swift */ = {isa = PBXFileReference; lastKnownFileType = sourcecode.swift; path = ConcentrationViewController.swift; sourceTree = "<group>"; };
		62F2ED67207E995800ED3E63 /* Base */ = {isa = PBXFileReference; lastKnownFileType = file.storyboard; name = Base; path = Base.lproj/Main.storyboard; sourceTree = "<group>"; };
		62F2ED69207E995A00ED3E63 /* Assets.xcassets */ = {isa = PBXFileReference; lastKnownFileType = folder.assetcatalog; path = Assets.xcassets; sourceTree = "<group>"; };
		62F2ED6C207E995A00ED3E63 /* Base */ = {isa = PBXFileReference; lastKnownFileType = file.storyboard; name = Base; path = Base.lproj/LaunchScreen.storyboard; sourceTree = "<group>"; };
		62F2ED6E207E995A00ED3E63 /* Info.plist */ = {isa = PBXFileReference; lastKnownFileType = text.plist.xml; path = Info.plist; sourceTree = "<group>"; };
/* End PBXFileReference section */

/* Begin PBXFrameworksBuildPhase section */
		62F2ED5C207E995800ED3E63 /* Frameworks */ = {
			isa = PBXFrameworksBuildPhase;
			buildActionMask = 2147483647;
			files = (
			);
			runOnlyForDeploymentPostprocessing = 0;
		};
/* End PBXFrameworksBuildPhase section */

/* Begin PBXGroup section */
		62F2ED56207E995800ED3E63 = {
			isa = PBXGroup;
			children = (
				62F2ED61207E995800ED3E63 /* Concentration Game */,
				62F2ED60207E995800ED3E63 /* Products */,
			);
			sourceTree = "<group>";
		};
		62F2ED60207E995800ED3E63 /* Products */ = {
			isa = PBXGroup;
			children = (
				62F2ED5F207E995800ED3E63 /* Concentration Game.app */,
			);
			name = Products;
			sourceTree = "<group>";
		};
		62F2ED61207E995800ED3E63 /* Concentration Game */ = {
			isa = PBXGroup;
			children = (
				62F2ED76207E997700ED3E63 /* Model */,
				62F2ED75207E997100ED3E63 /* View */,
				62F2ED74207E996800ED3E63 /* Controller */,
				62F2ED62207E995800ED3E63 /* AppDelegate.swift */,
				62F2ED69207E995A00ED3E63 /* Assets.xcassets */,
				62F2ED6B207E995A00ED3E63 /* LaunchScreen.storyboard */,
				62F2ED6E207E995A00ED3E63 /* Info.plist */,
			);
			path = "Concentration Game";
			sourceTree = "<group>";
		};
		62F2ED74207E996800ED3E63 /* Controller */ = {
			isa = PBXGroup;
			children = (
				62BC39E8208B7601007C1FAD /* ConcentrationThemeViewController.swift */,
				62F2ED64207E995800ED3E63 /* ConcentrationViewController.swift */,
			);
			path = Controller;
			sourceTree = "<group>";
		};
		62F2ED75207E997100ED3E63 /* View */ = {
			isa = PBXGroup;
			children = (
				62F2ED66207E995800ED3E63 /* Main.storyboard */,
			);
			path = View;
			sourceTree = "<group>";
		};
		62F2ED76207E997700ED3E63 /* Model */ = {
			isa = PBXGroup;
			children = (
				620624FF207F5F6A004A6970 /* Card.swift */,
				62062501207F6220004A6970 /* Concentration.swift */,
			);
			path = Model;
			sourceTree = "<group>";
		};
/* End PBXGroup section */

/* Begin PBXNativeTarget section */
		62F2ED5E207E995800ED3E63 /* Concentration Game */ = {
			isa = PBXNativeTarget;
			buildConfigurationList = 62F2ED71207E995A00ED3E63 /* Build configuration list for PBXNativeTarget "Concentration Game" */;
			buildPhases = (
				62F2ED5B207E995800ED3E63 /* Sources */,
				62F2ED5C207E995800ED3E63 /* Frameworks */,
				62F2ED5D207E995800ED3E63 /* Resources */,
			);
			buildRules = (
			);
			dependencies = (
			);
			name = "Concentration Game";
			productName = "Concentration Game";
			productReference = 62F2ED5F207E995800ED3E63 /* Concentration Game.app */;
			productType = "com.apple.product-type.application";
		};
/* End PBXNativeTarget section */

/* Begin PBXProject section */
		62F2ED57207E995800ED3E63 /* Project object */ = {
			isa = PBXProject;
			attributes = {
				LastSwiftUpdateCheck = 0940;
				LastUpgradeCheck = 0940;
				ORGANIZATIONNAME = "Henrik Anthony Odden Sandberg";
				TargetAttributes = {
					62F2ED5E207E995800ED3E63 = {
						CreatedOnToolsVersion = 9.4;
					};
				};
			};
			buildConfigurationList = 62F2ED5A207E995800ED3E63 /* Build configuration list for PBXProject "Concentration Game" */;
			compatibilityVersion = "Xcode 9.3";
			developmentRegion = en;
			hasScannedForEncodings = 0;
			knownRegions = (
				en,
				Base,
			);
			mainGroup = 62F2ED56207E995800ED3E63;
			productRefGroup = 62F2ED60207E995800ED3E63 /* Products */;
			projectDirPath = "";
			projectRoot = "";
			targets = (
				62F2ED5E207E995800ED3E63 /* Concentration Game */,
			);
		};
/* End PBXProject section */

/* Begin PBXResourcesBuildPhase section */
		62F2ED5D207E995800ED3E63 /* Resources */ = {
			isa = PBXResourcesBuildPhase;
			buildActionMask = 2147483647;
			files = (
				62F2ED6D207E995A00ED3E63 /* LaunchScreen.storyboard in Resources */,
				62F2ED6A207E995A00ED3E63 /* Assets.xcassets in Resources */,
				62F2ED68207E995800ED3E63 /* Main.storyboard in Resources */,
			);
			runOnlyForDeploymentPostprocessing = 0;
		};
/* End PBXResourcesBuildPhase section */

/* Begin PBXSourcesBuildPhase section */
		62F2ED5B207E995800ED3E63 /* Sources */ = {
			isa = PBXSourcesBuildPhase;
			buildActionMask = 2147483647;
			files = (
				62BC39E9208B7601007C1FAD /* ConcentrationThemeViewController.swift in Sources */,
				62F2ED65207E995800ED3E63 /* ConcentrationViewController.swift in Sources */,
				62062502207F6220004A6970 /* Concentration.swift in Sources */,
				62062500207F5F6A004A6970 /* Card.swift in Sources */,
				62F2ED63207E995800ED3E63 /* AppDelegate.swift in Sources */,
			);
			runOnlyForDeploymentPostprocessing = 0;
		};
/* End PBXSourcesBuildPhase section */

/* Begin PBXVariantGroup section */
		62F2ED66207E995800ED3E63 /* Main.storyboard */ = {
			isa = PBXVariantGroup;
			children = (
				62F2ED67207E995800ED3E63 /* Base */,
			);
			name = Main.storyboard;
			sourceTree = "<group>";
		};
		62F2ED6B207E995A00ED3E63 /* LaunchScreen.storyboard */ = {
			isa = PBXVariantGroup;
			children = (
				62F2ED6C207E995A00ED3E63 /* Base */,
			);
			name = LaunchScreen.storyboard;
			sourceTree = "<group>";
		};
/* End PBXVariantGroup section */

/* Begin XCBuildConfiguration section */
		62F2ED6F207E995A00ED3E63 /* Debug */ = {
			isa = XCBuildConfiguration;
			buildSettings = {
				ALWAYS_SEARCH_USER_PATHS = NO;
				CLANG_ANALYZER_NONNULL = YES;
				CLANG_ANALYZER_NUMBER_OBJECT_CONVERSION = YES_AGGRESSIVE;
				CLANG_CXX_LANGUAGE_STANDARD = "gnu++14";
				CLANG_CXX_LIBRARY = "libc++";
				CLANG_ENABLE_MODULES = YES;
				CLANG_ENABLE_OBJC_ARC = YES;
				CLANG_ENABLE_OBJC_WEAK = YES;
				CLANG_WARN_BLOCK_CAPTURE_AUTORELEASING = YES;
				CLANG_WARN_BOOL_CONVERSION = YES;
				CLANG_WARN_COMMA = YES;
				CLANG_WARN_CONSTANT_CONVERSION = YES;
				CLANG_WARN_DEPRECATED_OBJC_IMPLEMENTATIONS = YES;
				CLANG_WARN_DIRECT_OBJC_ISA_USAGE = YES_ERROR;
				CLANG_WARN_DOCUMENTATION_COMMENTS = YES;
				CLANG_WARN_EMPTY_BODY = YES;
				CLANG_WARN_ENUM_CONVERSION = YES;
				CLANG_WARN_INFINITE_RECURSION = YES;
				CLANG_WARN_INT_CONVERSION = YES;
				CLANG_WARN_NON_LITERAL_NULL_CONVERSION = YES;
				CLANG_WARN_OBJC_IMPLICIT_RETAIN_SELF = YES;
				CLANG_WARN_OBJC_LITERAL_CONVERSION = YES;
				CLANG_WARN_OBJC_ROOT_CLASS = YES_ERROR;
				CLANG_WARN_RANGE_LOOP_ANALYSIS = YES;
				CLANG_WARN_STRICT_PROTOTYPES = YES;
				CLANG_WARN_SUSPICIOUS_MOVE = YES;
				CLANG_WARN_UNGUARDED_AVAILABILITY = YES_AGGRESSIVE;
				CLANG_WARN_UNREACHABLE_CODE = YES;
				CLANG_WARN__DUPLICATE_METHOD_MATCH = YES;
				CODE_SIGN_IDENTITY = "iPhone Developer";
				COPY_PHASE_STRIP = NO;
				DEBUG_INFORMATION_FORMAT = dwarf;
				ENABLE_STRICT_OBJC_MSGSEND = YES;
				ENABLE_TESTABILITY = YES;
				GCC_C_LANGUAGE_STANDARD = gnu11;
				GCC_DYNAMIC_NO_PIC = NO;
				GCC_NO_COMMON_BLOCKS = YES;
				GCC_OPTIMIZATION_LEVEL = 0;
				GCC_PREPROCESSOR_DEFINITIONS = (
					"DEBUG=1",
					"$(inherited)",
				);
				GCC_WARN_64_TO_32_BIT_CONVERSION = YES;
				GCC_WARN_ABOUT_RETURN_TYPE = YES_ERROR;
				GCC_WARN_UNDECLARED_SELECTOR = YES;
				GCC_WARN_UNINITIALIZED_AUTOS = YES_AGGRESSIVE;
				GCC_WARN_UNUSED_FUNCTION = YES;
				GCC_WARN_UNUSED_VARIABLE = YES;
				IPHONEOS_DEPLOYMENT_TARGET = 11.4;
				MTL_ENABLE_DEBUG_INFO = YES;
				ONLY_ACTIVE_ARCH = YES;
				SDKROOT = iphoneos;
				SWIFT_ACTIVE_COMPILATION_CONDITIONS = DEBUG;
				SWIFT_OPTIMIZATION_LEVEL = "-Onone";
			};
			name = Debug;
		};
		62F2ED70207E995A00ED3E63 /* Release */ = {
			isa = XCBuildConfiguration;
			buildSettings = {
				ALWAYS_SEARCH_USER_PATHS = NO;
				CLANG_ANALYZER_NONNULL = YES;
				CLANG_ANALYZER_NUMBER_OBJECT_CONVERSION = YES_AGGRESSIVE;
				CLANG_CXX_LANGUAGE_STANDARD = "gnu++14";
				CLANG_CXX_LIBRARY = "libc++";
				CLANG_ENABLE_MODULES = YES;
				CLANG_ENABLE_OBJC_ARC = YES;
				CLANG_ENABLE_OBJC_WEAK = YES;
				CLANG_WARN_BLOCK_CAPTURE_AUTORELEASING = YES;
				CLANG_WARN_BOOL_CONVERSION = YES;
				CLANG_WARN_COMMA = YES;
				CLANG_WARN_CONSTANT_CONVERSION = YES;
				CLANG_WARN_DEPRECATED_OBJC_IMPLEMENTATIONS = YES;
				CLANG_WARN_DIRECT_OBJC_ISA_USAGE = YES_ERROR;
				CLANG_WARN_DOCUMENTATION_COMMENTS = YES;
				CLANG_WARN_EMPTY_BODY = YES;
				CLANG_WARN_ENUM_CONVERSION = YES;
				CLANG_WARN_INFINITE_RECURSION = YES;
				CLANG_WARN_INT_CONVERSION = YES;
				CLANG_WARN_NON_LITERAL_NULL_CONVERSION = YES;
				CLANG_WARN_OBJC_IMPLICIT_RETAIN_SELF = YES;
				CLANG_WARN_OBJC_LITERAL_CONVERSION = YES;
				CLANG_WARN_OBJC_ROOT_CLASS = YES_ERROR;
				CLANG_WARN_RANGE_LOOP_ANALYSIS = YES;
				CLANG_WARN_STRICT_PROTOTYPES = YES;
				CLANG_WARN_SUSPICIOUS_MOVE = YES;
				CLANG_WARN_UNGUARDED_AVAILABILITY = YES_AGGRESSIVE;
				CLANG_WARN_UNREACHABLE_CODE = YES;
				CLANG_WARN__DUPLICATE_METHOD_MATCH = YES;
				CODE_SIGN_IDENTITY = "iPhone Developer";
				COPY_PHASE_STRIP = NO;
				DEBUG_INFORMATION_FORMAT = "dwarf-with-dsym";
				ENABLE_NS_ASSERTIONS = NO;
				ENABLE_STRICT_OBJC_MSGSEND = YES;
				GCC_C_LANGUAGE_STANDARD = gnu11;
				GCC_NO_COMMON_BLOCKS = YES;
				GCC_WARN_64_TO_32_BIT_CONVERSION = YES;
				GCC_WARN_ABOUT_RETURN_TYPE = YES_ERROR;
				GCC_WARN_UNDECLARED_SELECTOR = YES;
				GCC_WARN_UNINITIALIZED_AUTOS = YES_AGGRESSIVE;
				GCC_WARN_UNUSED_FUNCTION = YES;
				GCC_WARN_UNUSED_VARIABLE = YES;
				IPHONEOS_DEPLOYMENT_TARGET = 11.4;
				MTL_ENABLE_DEBUG_INFO = NO;
				SDKROOT = iphoneos;
				SWIFT_COMPILATION_MODE = wholemodule;
				SWIFT_OPTIMIZATION_LEVEL = "-O";
				VALIDATE_PRODUCT = YES;
			};
			name = Release;
		};
		62F2ED72207E995A00ED3E63 /* Debug */ = {
			isa = XCBuildConfiguration;
			buildSettings = {
				ASSETCATALOG_COMPILER_APPICON_NAME = AppIcon;
				CODE_SIGN_STYLE = Automatic;
				DEVELOPMENT_TEAM = 8LJBM9LES6;
				INFOPLIST_FILE = "Concentration Game/Info.plist";
				LD_RUNPATH_SEARCH_PATHS = (
					"$(inherited)",
					"@executable_path/Frameworks",
				);
				PRODUCT_BUNDLE_IDENTIFIER = "HenrikSandberg.Concentration-Game";
				PRODUCT_NAME = "$(TARGET_NAME)";
				SWIFT_VERSION = 4.0;
				TARGETED_DEVICE_FAMILY = "1,2";
			};
			name = Debug;
		};
		62F2ED73207E995A00ED3E63 /* Release */ = {
			isa = XCBuildConfiguration;
			buildSettings = {
				ASSETCATALOG_COMPILER_APPICON_NAME = AppIcon;
				CODE_SIGN_STYLE = Automatic;
				DEVELOPMENT_TEAM = 8LJBM9LES6;
				INFOPLIST_FILE = "Concentration Game/Info.plist";
				LD_RUNPATH_SEARCH_PATHS = (
					"$(inherited)",
					"@executable_path/Frameworks",
				);
				PRODUCT_BUNDLE_IDENTIFIER = "HenrikSandberg.Concentration-Game";
				PRODUCT_NAME = "$(TARGET_NAME)";
				SWIFT_VERSION = 4.0;
				TARGETED_DEVICE_FAMILY = "1,2";
			};
			name = Release;
		};
/* End XCBuildConfiguration section */

/* Begin XCConfigurationList section */
		62F2ED5A207E995800ED3E63 /* Build configuration list for PBXProject "Concentration Game" */ = {
			isa = XCConfigurationList;
			buildConfigurations = (
				62F2ED6F207E995A00ED3E63 /* Debug */,
				62F2ED70207E995A00ED3E63 /* Release */,
			);
			defaultConfigurationIsVisible = 0;
			defaultConfigurationName = Release;
		};
		62F2ED71207E995A00ED3E63 /* Build configuration list for PBXNativeTarget "Concentration Game" */ = {
			isa = XCConfigurationList;
			buildConfigurations = (
				62F2ED72207E995A00ED3E63 /* Debug */,
				62F2ED73207E995A00ED3E63 /* Release */,
			);
			defaultConfigurationIsVisible = 0;
			defaultConfigurationName = Release;
		};
/* End XCConfigurationList section */
	};
	rootObject = 62F2ED57207E995800ED3E63 /* Project object */;
}
